
Microsoft Visual Studio Solution File, Format Version 12.00
# Visual Studio 14
VisualStudioVersion = 14.0.23107.0
MinimumVisualStudioVersion = 10.0.40219.1
Project("{FAE04EC0-301F-11D3-BF4B-00C04F79EFBC}") = "GoSync.Tests", "src\GoSync.Tests\GoSync.Tests.csproj", "{C6E5F77F-3CC9-4C9B-8C67-0615F5F62184}"
EndProject
Project("{FAE04EC0-301F-11D3-BF4B-00C04F79EFBC}") = "GoSync.Core", "src\GoSync.Core\GoSync.Core.csproj", "{000CD335-8B47-43CC-95B5-948823EC691F}"
EndProject
Project("{FAE04EC0-301F-11D3-BF4B-00C04F79EFBC}") = "GoSync.Client.Win", "src\GoSync.Client.Win\GoSync.Client.Win.csproj", "{568FECD7-63D6-4244-BF83-13C3DF8DB5BF}"
EndProject
Global
	GlobalSection(SolutionConfigurationPlatforms) = preSolution
		Debug|Any CPU = Debug|Any CPU
		Release|Any CPU = Release|Any CPU
	EndGlobalSection
	GlobalSection(ProjectConfigurationPlatforms) = postSolution
		{C6E5F77F-3CC9-4C9B-8C67-0615F5F62184}.Debug|Any CPU.ActiveCfg = Debug|Any CPU
		{C6E5F77F-3CC9-4C9B-8C67-0615F5F62184}.Debug|Any CPU.Build.0 = Debug|Any CPU
		{C6E5F77F-3CC9-4C9B-8C67-0615F5F62184}.Release|Any CPU.ActiveCfg = Release|Any CPU
		{C6E5F77F-3CC9-4C9B-8C67-0615F5F62184}.Release|Any CPU.Build.0 = Release|Any CPU
		{000CD335-8B47-43CC-95B5-948823EC691F}.Debug|Any CPU.ActiveCfg = Debug|Any CPU
		{000CD335-8B47-43CC-95B5-948823EC691F}.Debug|Any CPU.Build.0 = Debug|Any CPU
		{000CD335-8B47-43CC-95B5-948823EC691F}.Release|Any CPU.ActiveCfg = Release|Any CPU
		{000CD335-8B47-43CC-95B5-948823EC691F}.Release|Any CPU.Build.0 = Release|Any CPU
		{568FECD7-63D6-4244-BF83-13C3DF8DB5BF}.Debug|Any CPU.ActiveCfg = Debug|Any CPU
		{568FECD7-63D6-4244-BF83-13C3DF8DB5BF}.Debug|Any CPU.Build.0 = Debug|Any CPU
		{568FECD7-63D6-4244-BF83-13C3DF8DB5BF}.Release|Any CPU.ActiveCfg = Release|Any CPU
		{568FECD7-63D6-4244-BF83-13C3DF8DB5BF}.Release|Any CPU.Build.0 = Release|Any CPU
	EndGlobalSection
	GlobalSection(SolutionProperties) = preSolution
		HideSolutionNode = FALSE
	EndGlobalSection
EndGlobal
